{
  "name": "ng-universal-demo",
  "version": "0.0.0",
  "lockfileVersion": 1,
  "requires": true,
  "dependencies": {
    "@ng-bootstrap/ng-bootstrap": {
      "version": "1.0.0-beta.5",
      "resolved": "https://registry.npmjs.org/@ng-bootstrap/ng-bootstrap/-/ng-bootstrap-1.0.0-beta.5.tgz",
      "integrity": "sha1-2iuQZrNwGihMrFoWFop33vlHtKs="
    },
    "jquery": {
      "version": "3.2.1",
      "resolved": "https://registry.npmjs.org/jquery/-/jquery-3.2.1.tgz",
      "integrity": "sha1-XE2d5lKvbNCncBVKYxu6ErAVx4c="
    }
  }
}
